{
  "requires": true,
  "lockfileVersion": 1,
  "dependencies": {
    "@types/howler": {
      "version": "2.2.3",
      "resolved": "https://artifactory.dev.janitza.cloud/artifactory/api/npm/npm-all/@types/howler/-/howler-2.2.3.tgz",
      "integrity": "sha1-I2/4ui2i7SWwsKuVmtLxXv/JPf8="
    },
    "howler": {
      "version": "2.2.3",
      "resolved": "https://artifactory.dev.janitza.cloud/artifactory/api/npm/npm-all/howler/-/howler-2.2.3.tgz",
      "integrity": "sha1-ou/5sItYZ5jnou4XpgKpDfKHFdo="
    },
    "typescript": {
      "version": "4.3.5",
      "resolved": "https://artifactory.dev.janitza.cloud/artifactory/api/npm/npm-all/typescript/-/typescript-4.3.5.tgz",
      "integrity": "sha1-TRw3zBbok5c8RaBohrcRMjTxGfQ="
    }
  }
}
